// !$*UTF8*$!
{
	archiveVersion = 1;
	classes = {
	};
	objectVersion = 50;
	objects = {

/* Begin PBXBuildFile section */
		54A67D01225A254100801DF8 /* AppDelegate.swift in Sources */ = {isa = PBXBuildFile; fileRef = 54A67D00225A254100801DF8 /* AppDelegate.swift */; };
		54A67D03225A254100801DF8 /* ViewController.swift in Sources */ = {isa = PBXBuildFile; fileRef = 54A67D02225A254100801DF8 /* ViewController.swift */; };
		54A67D06225A254100801DF8 /* Main.storyboard in Resources */ = {isa = PBXBuildFile; fileRef = 54A67D04225A254100801DF8 /* Main.storyboard */; };
		54A67D08225A254300801DF8 /* Assets.xcassets in Resources */ = {isa = PBXBuildFile; fileRef = 54A67D07225A254300801DF8 /* Assets.xcassets */; };
		54A67D0B225A254300801DF8 /* LaunchScreen.storyboard in Resources */ = {isa = PBXBuildFile; fileRef = 54A67D09225A254300801DF8 /* LaunchScreen.storyboard */; };
		54A67D31225A255C00801DF8 /* ImageAnnotationViewController.swift in Sources */ = {isa = PBXBuildFile; fileRef = 54A67D12225A255A00801DF8 /* ImageAnnotationViewController.swift */; };
		54A67D32225A255C00801DF8 /* TileViewController.swift in Sources */ = {isa = PBXBuildFile; fileRef = 54A67D13225A255A00801DF8 /* TileViewController.swift */; };
		54A67D33225A255C00801DF8 /* AnnotationViewController.swift in Sources */ = {isa = PBXBuildFile; fileRef = 54A67D14225A255A00801DF8 /* AnnotationViewController.swift */; };
		54A67D34225A255C00801DF8 /* PencilStyle.swift in Sources */ = {isa = PBXBuildFile; fileRef = 54A67D15225A255A00801DF8 /* PencilStyle.swift */; };
		54A67D35225A255C00801DF8 /* TileViewControllerDataSource.swift in Sources */ = {isa = PBXBuildFile; fileRef = 54A67D16225A255A00801DF8 /* TileViewControllerDataSource.swift */; };
		54A67D36225A255C00801DF8 /* AnnotationHandler.swift in Sources */ = {isa = PBXBuildFile; fileRef = 54A67D17225A255A00801DF8 /* AnnotationHandler.swift */; };
		54A67D37225A255C00801DF8 /* Annotation.swift in Sources */ = {isa = PBXBuildFile; fileRef = 54A67D18225A255A00801DF8 /* Annotation.swift */; };
		54A67D38225A255C00801DF8 /* Attachment.swift in Sources */ = {isa = PBXBuildFile; fileRef = 54A67D19225A255A00801DF8 /* Attachment.swift */; };
		54A67D39225A255C00801DF8 /* XMLReader.swift in Sources */ = {isa = PBXBuildFile; fileRef = 54A67D1A225A255A00801DF8 /* XMLReader.swift */; };
		54A67D3A225A255C00801DF8 /* UILabel+Extension.swift in Sources */ = {isa = PBXBuildFile; fileRef = 54A67D1B225A255A00801DF8 /* UILabel+Extension.swift */; };
		54A67D3B225A255C00801DF8 /* TileLayoutViewController.swift in Sources */ = {isa = PBXBuildFile; fileRef = 54A67D1C225A255A00801DF8 /* TileLayoutViewController.swift */; };
		54A67D3D225A255C00801DF8 /* ColorPicker.swift in Sources */ = {isa = PBXBuildFile; fileRef = 54A67D1E225A255B00801DF8 /* ColorPicker.swift */; };
		54A67D40225A255C00801DF8 /* PDFTableViewController.swift in Sources */ = {isa = PBXBuildFile; fileRef = 54A67D21225A255B00801DF8 /* PDFTableViewController.swift */; };
		54A67D41225A255C00801DF8 /* VideoAnnotationViewController.swift in Sources */ = {isa = PBXBuildFile; fileRef = 54A67D22225A255B00801DF8 /* VideoAnnotationViewController.swift */; };
		54A67D42225A255C00801DF8 /* PencilStyleView.swift in Sources */ = {isa = PBXBuildFile; fileRef = 54A67D23225A255B00801DF8 /* PencilStyleView.swift */; };
		54A67D43225A255C00801DF8 /* Common.swift in Sources */ = {isa = PBXBuildFile; fileRef = 54A67D24225A255B00801DF8 /* Common.swift */; };
		54A67D44225A255C00801DF8 /* UIBarButtonItem+Extension.swift in Sources */ = {isa = PBXBuildFile; fileRef = 54A67D25225A255B00801DF8 /* UIBarButtonItem+Extension.swift */; };
		54A67D45225A255C00801DF8 /* UIViewController+Extension.swift in Sources */ = {isa = PBXBuildFile; fileRef = 54A67D26225A255B00801DF8 /* UIViewController+Extension.swift */; };
		54A67D46225A255C00801DF8 /* PhotoAnnotationViewController.swift in Sources */ = {isa = PBXBuildFile; fileRef = 54A67D27225A255B00801DF8 /* PhotoAnnotationViewController.swift */; };
		54A67D47225A255C00801DF8 /* UIImage+Extension.swift in Sources */ = {isa = PBXBuildFile; fileRef = 54A67D28225A255B00801DF8 /* UIImage+Extension.swift */; };
		54A67D48225A255C00801DF8 /* Utilities.swift in Sources */ = {isa = PBXBuildFile; fileRef = 54A67D29225A255B00801DF8 /* Utilities.swift */; };
		54A67D4B225A255C00801DF8 /* TextAnnotationViewController.swift in Sources */ = {isa = PBXBuildFile; fileRef = 54A67D2C225A255C00801DF8 /* TextAnnotationViewController.swift */; };
		54A67D4C225A255C00801DF8 /* XLSFileCreator.swift in Sources */ = {isa = PBXBuildFile; fileRef = 54A67D2D225A255C00801DF8 /* XLSFileCreator.swift */; };
		54A67D4D225A255C00801DF8 /* UIButton+Extension.swift in Sources */ = {isa = PBXBuildFile; fileRef = 54A67D2E225A255C00801DF8 /* UIButton+Extension.swift */; };
		54A67D4E225A255C00801DF8 /* Word.swift in Sources */ = {isa = PBXBuildFile; fileRef = 54A67D2F225A255C00801DF8 /* Word.swift */; };
		54A67D4F225A255C00801DF8 /* TileLayoutView.swift in Sources */ = {isa = PBXBuildFile; fileRef = 54A67D30225A255C00801DF8 /* TileLayoutView.swift */; };
/* End PBXBuildFile section */

/* Begin PBXFileReference section */
		54A67CFD225A254100801DF8 /* Test.app */ = {isa = PBXFileReference; explicitFileType = wrapper.application; includeInIndex = 0; path = Test.app; sourceTree = BUILT_PRODUCTS_DIR; };
		54A67D00225A254100801DF8 /* AppDelegate.swift */ = {isa = PBXFileReference; lastKnownFileType = sourcecode.swift; path = AppDelegate.swift; sourceTree = "<group>"; };
		54A67D02225A254100801DF8 /* ViewController.swift */ = {isa = PBXFileReference; lastKnownFileType = sourcecode.swift; path = ViewController.swift; sourceTree = "<group>"; };
		54A67D05225A254100801DF8 /* Base */ = {isa = PBXFileReference; lastKnownFileType = file.storyboard; name = Base; path = Base.lproj/Main.storyboard; sourceTree = "<group>"; };
		54A67D07225A254300801DF8 /* Assets.xcassets */ = {isa = PBXFileReference; lastKnownFileType = folder.assetcatalog; path = Assets.xcassets; sourceTree = "<group>"; };
		54A67D0A225A254300801DF8 /* Base */ = {isa = PBXFileReference; lastKnownFileType = file.storyboard; name = Base; path = Base.lproj/LaunchScreen.storyboard; sourceTree = "<group>"; };
		54A67D0C225A254300801DF8 /* Info.plist */ = {isa = PBXFileReference; lastKnownFileType = text.plist.xml; path = Info.plist; sourceTree = "<group>"; };
		54A67D12225A255A00801DF8 /* ImageAnnotationViewController.swift */ = {isa = PBXFileReference; fileEncoding = 4; lastKnownFileType = sourcecode.swift; path = ImageAnnotationViewController.swift; sourceTree = "<group>"; };
		54A67D13225A255A00801DF8 /* TileViewController.swift */ = {isa = PBXFileReference; fileEncoding = 4; lastKnownFileType = sourcecode.swift; path = TileViewController.swift; sourceTree = "<group>"; };
		54A67D14225A255A00801DF8 /* AnnotationViewController.swift */ = {isa = PBXFileReference; fileEncoding = 4; lastKnownFileType = sourcecode.swift; path = AnnotationViewController.swift; sourceTree = "<group>"; };
		54A67D15225A255A00801DF8 /* PencilStyle.swift */ = {isa = PBXFileReference; fileEncoding = 4; lastKnownFileType = sourcecode.swift; path = PencilStyle.swift; sourceTree = "<group>"; };
		54A67D16225A255A00801DF8 /* TileViewControllerDataSource.swift */ = {isa = PBXFileReference; fileEncoding = 4; lastKnownFileType = sourcecode.swift; path = TileViewControllerDataSource.swift; sourceTree = "<group>"; };
		54A67D17225A255A00801DF8 /* AnnotationHandler.swift */ = {isa = PBXFileReference; fileEncoding = 4; lastKnownFileType = sourcecode.swift; path = AnnotationHandler.swift; sourceTree = "<group>"; };
		54A67D18225A255A00801DF8 /* Annotation.swift */ = {isa = PBXFileReference; fileEncoding = 4; lastKnownFileType = sourcecode.swift; path = Annotation.swift; sourceTree = "<group>"; };
		54A67D19225A255A00801DF8 /* Attachment.swift */ = {isa = PBXFileReference; fileEncoding = 4; lastKnownFileType = sourcecode.swift; path = Attachment.swift; sourceTree = "<group>"; };
		54A67D1A225A255A00801DF8 /* XMLReader.swift */ = {isa = PBXFileReference; fileEncoding = 4; lastKnownFileType = sourcecode.swift; path = XMLReader.swift; sourceTree = "<group>"; };
		54A67D1B225A255A00801DF8 /* UILabel+Extension.swift */ = {isa = PBXFileReference; fileEncoding = 4; lastKnownFileType = sourcecode.swift; path = "UILabel+Extension.swift"; sourceTree = "<group>"; };
		54A67D1C225A255A00801DF8 /* TileLayoutViewController.swift */ = {isa = PBXFileReference; fileEncoding = 4; lastKnownFileType = sourcecode.swift; path = TileLayoutViewController.swift; sourceTree = "<group>"; };
		54A67D1E225A255B00801DF8 /* ColorPicker.swift */ = {isa = PBXFileReference; fileEncoding = 4; lastKnownFileType = sourcecode.swift; path = ColorPicker.swift; sourceTree = "<group>"; };
		54A67D21225A255B00801DF8 /* PDFTableViewController.swift */ = {isa = PBXFileReference; fileEncoding = 4; lastKnownFileType = sourcecode.swift; path = PDFTableViewController.swift; sourceTree = "<group>"; };
		54A67D22225A255B00801DF8 /* VideoAnnotationViewController.swift */ = {isa = PBXFileReference; fileEncoding = 4; lastKnownFileType = sourcecode.swift; path = VideoAnnotationViewController.swift; sourceTree = "<group>"; };
		54A67D23225A255B00801DF8 /* PencilStyleView.swift */ = {isa = PBXFileReference; fileEncoding = 4; lastKnownFileType = sourcecode.swift; path = PencilStyleView.swift; sourceTree = "<group>"; };
		54A67D24225A255B00801DF8 /* Common.swift */ = {isa = PBXFileReference; fileEncoding = 4; lastKnownFileType = sourcecode.swift; path = Common.swift; sourceTree = "<group>"; };
		54A67D25225A255B00801DF8 /* UIBarButtonItem+Extension.swift */ = {isa = PBXFileReference; fileEncoding = 4; lastKnownFileType = sourcecode.swift; path = "UIBarButtonItem+Extension.swift"; sourceTree = "<group>"; };
		54A67D26225A255B00801DF8 /* UIViewController+Extension.swift */ = {isa = PBXFileReference; fileEncoding = 4; lastKnownFileType = sourcecode.swift; path = "UIViewController+Extension.swift"; sourceTree = "<group>"; };
		54A67D27225A255B00801DF8 /* PhotoAnnotationViewController.swift */ = {isa = PBXFileReference; fileEncoding = 4; lastKnownFileType = sourcecode.swift; path = PhotoAnnotationViewController.swift; sourceTree = "<group>"; };
		54A67D28225A255B00801DF8 /* UIImage+Extension.swift */ = {isa = PBXFileReference; fileEncoding = 4; lastKnownFileType = sourcecode.swift; path = "UIImage+Extension.swift"; sourceTree = "<group>"; };
		54A67D29225A255B00801DF8 /* Utilities.swift */ = {isa = PBXFileReference; fileEncoding = 4; lastKnownFileType = sourcecode.swift; path = Utilities.swift; sourceTree = "<group>"; };
		54A67D2C225A255C00801DF8 /* TextAnnotationViewController.swift */ = {isa = PBXFileReference; fileEncoding = 4; lastKnownFileType = sourcecode.swift; path = TextAnnotationViewController.swift; sourceTree = "<group>"; };
		54A67D2D225A255C00801DF8 /* XLSFileCreator.swift */ = {isa = PBXFileReference; fileEncoding = 4; lastKnownFileType = sourcecode.swift; path = XLSFileCreator.swift; sourceTree = "<group>"; };
		54A67D2E225A255C00801DF8 /* UIButton+Extension.swift */ = {isa = PBXFileReference; fileEncoding = 4; lastKnownFileType = sourcecode.swift; path = "UIButton+Extension.swift"; sourceTree = "<group>"; };
		54A67D2F225A255C00801DF8 /* Word.swift */ = {isa = PBXFileReference; fileEncoding = 4; lastKnownFileType = sourcecode.swift; path = Word.swift; sourceTree = "<group>"; };
		54A67D30225A255C00801DF8 /* TileLayoutView.swift */ = {isa = PBXFileReference; fileEncoding = 4; lastKnownFileType = sourcecode.swift; path = TileLayoutView.swift; sourceTree = "<group>"; };
/* End PBXFileReference section */

/* Begin PBXFrameworksBuildPhase section */
		54A67CFA225A254100801DF8 /* Frameworks */ = {
			isa = PBXFrameworksBuildPhase;
			buildActionMask = 2147483647;
			files = (
			);
			runOnlyForDeploymentPostprocessing = 0;
		};
/* End PBXFrameworksBuildPhase section */

/* Begin PBXGroup section */
		5477D26C225CCCAF00F828EE /* Annotation */ = {
			isa = PBXGroup;
			children = (
				54A67D12225A255A00801DF8 /* ImageAnnotationViewController.swift */,
				54A67D27225A255B00801DF8 /* PhotoAnnotationViewController.swift */,
				54A67D2C225A255C00801DF8 /* TextAnnotationViewController.swift */,
				54A67D17225A255A00801DF8 /* AnnotationHandler.swift */,
				54A67D14225A255A00801DF8 /* AnnotationViewController.swift */,
				54A67D18225A255A00801DF8 /* Annotation.swift */,
				54A67D19225A255A00801DF8 /* Attachment.swift */,
				54A67D2F225A255C00801DF8 /* Word.swift */,
				54A67D15225A255A00801DF8 /* PencilStyle.swift */,
				54A67D23225A255B00801DF8 /* PencilStyleView.swift */,
			);
			path = Annotation;
			sourceTree = "<group>";
		};
		5477D26D225CCCB800F828EE /* Tile */ = {
			isa = PBXGroup;
			children = (
				54A67D30225A255C00801DF8 /* TileLayoutView.swift */,
				54A67D1C225A255A00801DF8 /* TileLayoutViewController.swift */,
				54A67D13225A255A00801DF8 /* TileViewController.swift */,
				54A67D16225A255A00801DF8 /* TileViewControllerDataSource.swift */,
			);
			path = Tile;
			sourceTree = "<group>";
		};
		5477D26E225CCDF900F828EE /* Other */ = {
			isa = PBXGroup;
			children = (
				54A67D1A225A255A00801DF8 /* XMLReader.swift */,
				54A67D1E225A255B00801DF8 /* ColorPicker.swift */,
				54A67D22225A255B00801DF8 /* VideoAnnotationViewController.swift */,
				54A67D21225A255B00801DF8 /* PDFTableViewController.swift */,
				54A67D25225A255B00801DF8 /* UIBarButtonItem+Extension.swift */,
				54A67D26225A255B00801DF8 /* UIViewController+Extension.swift */,
				54A67D2E225A255C00801DF8 /* UIButton+Extension.swift */,
				54A67D28225A255B00801DF8 /* UIImage+Extension.swift */,
				54A67D1B225A255A00801DF8 /* UILabel+Extension.swift */,
				54A67D29225A255B00801DF8 /* Utilities.swift */,
				54A67D24225A255B00801DF8 /* Common.swift */,
			);
			path = Other;
			sourceTree = "<group>";
		};
		5477D26F225CCE0B00F828EE /* XLS */ = {
			isa = PBXGroup;
			children = (
				54A67D2D225A255C00801DF8 /* XLSFileCreator.swift */,
			);
			path = XLS;
			sourceTree = "<group>";
		};
		54A67CF4225A254100801DF8 = {
			isa = PBXGroup;
			children = (
				54A67CFF225A254100801DF8 /* Test */,
				54A67CFE225A254100801DF8 /* Products */,
			);
			sourceTree = "<group>";
		};
		54A67CFE225A254100801DF8 /* Products */ = {
			isa = PBXGroup;
			children = (
				54A67CFD225A254100801DF8 /* Test.app */,
			);
			name = Products;
			sourceTree = "<group>";
		};
		54A67CFF225A254100801DF8 /* Test */ = {
			isa = PBXGroup;
			children = (
				5477D26F225CCE0B00F828EE /* XLS */,
				5477D26C225CCCAF00F828EE /* Annotation */,
				5477D26D225CCCB800F828EE /* Tile */,
				5477D26E225CCDF900F828EE /* Other */,
				54A67D02225A254100801DF8 /* ViewController.swift */,
				54A67D00225A254100801DF8 /* AppDelegate.swift */,
				54A67D04225A254100801DF8 /* Main.storyboard */,
				54A67D07225A254300801DF8 /* Assets.xcassets */,
				54A67D09225A254300801DF8 /* LaunchScreen.storyboard */,
				54A67D0C225A254300801DF8 /* Info.plist */,
			);
			path = Test;
			sourceTree = "<group>";
		};
/* End PBXGroup section */

/* Begin PBXNativeTarget section */
		54A67CFC225A254100801DF8 /* Test */ = {
			isa = PBXNativeTarget;
			buildConfigurationList = 54A67D0F225A254300801DF8 /* Build configuration list for PBXNativeTarget "Test" */;
			buildPhases = (
				54A67CF9225A254100801DF8 /* Sources */,
				54A67CFA225A254100801DF8 /* Frameworks */,
				54A67CFB225A254100801DF8 /* Resources */,
			);
			buildRules = (
			);
			dependencies = (
			);
			name = Test;
			productName = Test;
			productReference = 54A67CFD225A254100801DF8 /* Test.app */;
			productType = "com.apple.product-type.application";
		};
/* End PBXNativeTarget section */

/* Begin PBXProject section */
		54A67CF5225A254100801DF8 /* Project object */ = {
			isa = PBXProject;
			attributes = {
				LastSwiftUpdateCheck = 1020;
				LastUpgradeCheck = 1020;
				ORGANIZATIONNAME = "Klemenz, Oliver";
				TargetAttributes = {
					54A67CFC225A254100801DF8 = {
						CreatedOnToolsVersion = 10.2;
					};
				};
			};
			buildConfigurationList = 54A67CF8225A254100801DF8 /* Build configuration list for PBXProject "Test" */;
			compatibilityVersion = "Xcode 9.3";
			developmentRegion = en;
			hasScannedForEncodings = 0;
			knownRegions = (
				en,
				Base,
			);
			mainGroup = 54A67CF4225A254100801DF8;
			productRefGroup = 54A67CFE225A254100801DF8 /* Products */;
			projectDirPath = "";
			projectRoot = "";
			targets = (
				54A67CFC225A254100801DF8 /* Test */,
			);
		};
/* End PBXProject section */

/* Begin PBXResourcesBuildPhase section */
		54A67CFB225A254100801DF8 /* Resources */ = {
			isa = PBXResourcesBuildPhase;
			buildActionMask = 2147483647;
			files = (
				54A67D0B225A254300801DF8 /* LaunchScreen.storyboard in Resources */,
				54A67D08225A254300801DF8 /* Assets.xcassets in Resources */,
				54A67D06225A254100801DF8 /* Main.storyboard in Resources */,
			);
			runOnlyForDeploymentPostprocessing = 0;
		};
/* End PBXResourcesBuildPhase section */

/* Begin PBXSourcesBuildPhase section */
		54A67CF9225A254100801DF8 /* Sources */ = {
			isa = PBXSourcesBuildPhase;
			buildActionMask = 2147483647;
			files = (
				54A67D4D225A255C00801DF8 /* UIButton+Extension.swift in Sources */,
				54A67D4E225A255C00801DF8 /* Word.swift in Sources */,
				54A67D32225A255C00801DF8 /* TileViewController.swift in Sources */,
				54A67D35225A255C00801DF8 /* TileViewControllerDataSource.swift in Sources */,
				54A67D3D225A255C00801DF8 /* ColorPicker.swift in Sources */,
				54A67D48225A255C00801DF8 /* Utilities.swift in Sources */,
				54A67D03225A254100801DF8 /* ViewController.swift in Sources */,
				54A67D36225A255C00801DF8 /* AnnotationHandler.swift in Sources */,
				54A67D3B225A255C00801DF8 /* TileLayoutViewController.swift in Sources */,
				54A67D45225A255C00801DF8 /* UIViewController+Extension.swift in Sources */,
				54A67D38225A255C00801DF8 /* Attachment.swift in Sources */,
				54A67D34225A255C00801DF8 /* PencilStyle.swift in Sources */,
				54A67D33225A255C00801DF8 /* AnnotationViewController.swift in Sources */,
				54A67D41225A255C00801DF8 /* VideoAnnotationViewController.swift in Sources */,
				54A67D01225A254100801DF8 /* AppDelegate.swift in Sources */,
				54A67D4C225A255C00801DF8 /* XLSFileCreator.swift in Sources */,
				54A67D4F225A255C00801DF8 /* TileLayoutView.swift in Sources */,
				54A67D43225A255C00801DF8 /* Common.swift in Sources */,
				54A67D3A225A255C00801DF8 /* UILabel+Extension.swift in Sources */,
				54A67D37225A255C00801DF8 /* Annotation.swift in Sources */,
				54A67D47225A255C00801DF8 /* UIImage+Extension.swift in Sources */,
				54A67D44225A255C00801DF8 /* UIBarButtonItem+Extension.swift in Sources */,
				54A67D4B225A255C00801DF8 /* TextAnnotationViewController.swift in Sources */,
				54A67D46225A255C00801DF8 /* PhotoAnnotationViewController.swift in Sources */,
				54A67D42225A255C00801DF8 /* PencilStyleView.swift in Sources */,
				54A67D39225A255C00801DF8 /* XMLReader.swift in Sources */,
				54A67D40225A255C00801DF8 /* PDFTableViewController.swift in Sources */,
				54A67D31225A255C00801DF8 /* ImageAnnotationViewController.swift in Sources */,
			);
			runOnlyForDeploymentPostprocessing = 0;
		};
/* End PBXSourcesBuildPhase section */

/* Begin PBXVariantGroup section */
		54A67D04225A254100801DF8 /* Main.storyboard */ = {
			isa = PBXVariantGroup;
			children = (
				54A67D05225A254100801DF8 /* Base */,
			);
			name = Main.storyboard;
			sourceTree = "<group>";
		};
		54A67D09225A254300801DF8 /* LaunchScreen.storyboard */ = {
			isa = PBXVariantGroup;
			children = (
				54A67D0A225A254300801DF8 /* Base */,
			);
			name = LaunchScreen.storyboard;
			sourceTree = "<group>";
		};
/* End PBXVariantGroup section */

/* Begin XCBuildConfiguration section */
		54A67D0D225A254300801DF8 /* Debug */ = {
			isa = XCBuildConfiguration;
			buildSettings = {
				ALWAYS_SEARCH_USER_PATHS = NO;
				CLANG_ANALYZER_NONNULL = YES;
				CLANG_ANALYZER_NUMBER_OBJECT_CONVERSION = YES_AGGRESSIVE;
				CLANG_CXX_LANGUAGE_STANDARD = "gnu++14";
				CLANG_CXX_LIBRARY = "libc++";
				CLANG_ENABLE_MODULES = YES;
				CLANG_ENABLE_OBJC_ARC = YES;
				CLANG_ENABLE_OBJC_WEAK = YES;
				CLANG_WARN_BLOCK_CAPTURE_AUTORELEASING = YES;
				CLANG_WARN_BOOL_CONVERSION = YES;
				CLANG_WARN_COMMA = YES;
				CLANG_WARN_CONSTANT_CONVERSION = YES;
				CLANG_WARN_DEPRECATED_OBJC_IMPLEMENTATIONS = YES;
				CLANG_WARN_DIRECT_OBJC_ISA_USAGE = YES_ERROR;
				CLANG_WARN_DOCUMENTATION_COMMENTS = YES;
				CLANG_WARN_EMPTY_BODY = YES;
				CLANG_WARN_ENUM_CONVERSION = YES;
				CLANG_WARN_INFINITE_RECURSION = YES;
				CLANG_WARN_INT_CONVERSION = YES;
				CLANG_WARN_NON_LITERAL_NULL_CONVERSION = YES;
				CLANG_WARN_OBJC_IMPLICIT_RETAIN_SELF = YES;
				CLANG_WARN_OBJC_LITERAL_CONVERSION = YES;
				CLANG_WARN_OBJC_ROOT_CLASS = YES_ERROR;
				CLANG_WARN_RANGE_LOOP_ANALYSIS = YES;
				CLANG_WARN_STRICT_PROTOTYPES = YES;
				CLANG_WARN_SUSPICIOUS_MOVE = YES;
				CLANG_WARN_UNGUARDED_AVAILABILITY = YES_AGGRESSIVE;
				CLANG_WARN_UNREACHABLE_CODE = YES;
				CLANG_WARN__DUPLICATE_METHOD_MATCH = YES;
				CODE_SIGN_IDENTITY = "iPhone Developer";
				COPY_PHASE_STRIP = NO;
				DEBUG_INFORMATION_FORMAT = dwarf;
				ENABLE_STRICT_OBJC_MSGSEND = YES;
				ENABLE_TESTABILITY = YES;
				GCC_C_LANGUAGE_STANDARD = gnu11;
				GCC_DYNAMIC_NO_PIC = NO;
				GCC_NO_COMMON_BLOCKS = YES;
				GCC_OPTIMIZATION_LEVEL = 0;
				GCC_PREPROCESSOR_DEFINITIONS = (
					"DEBUG=1",
					"$(inherited)",
				);
				GCC_WARN_64_TO_32_BIT_CONVERSION = YES;
				GCC_WARN_ABOUT_RETURN_TYPE = YES_ERROR;
				GCC_WARN_UNDECLARED_SELECTOR = YES;
				GCC_WARN_UNINITIALIZED_AUTOS = YES_AGGRESSIVE;
				GCC_WARN_UNUSED_FUNCTION = YES;
				GCC_WARN_UNUSED_VARIABLE = YES;
				IPHONEOS_DEPLOYMENT_TARGET = 12.2;
				MTL_ENABLE_DEBUG_INFO = INCLUDE_SOURCE;
				MTL_FAST_MATH = YES;
				ONLY_ACTIVE_ARCH = YES;
				SDKROOT = iphoneos;
				SWIFT_ACTIVE_COMPILATION_CONDITIONS = DEBUG;
				SWIFT_OPTIMIZATION_LEVEL = "-Onone";
			};
			name = Debug;
		};
		54A67D0E225A254300801DF8 /* Release */ = {
			isa = XCBuildConfiguration;
			buildSettings = {
				ALWAYS_SEARCH_USER_PATHS = NO;
				CLANG_ANALYZER_NONNULL = YES;
				CLANG_ANALYZER_NUMBER_OBJECT_CONVERSION = YES_AGGRESSIVE;
				CLANG_CXX_LANGUAGE_STANDARD = "gnu++14";
				CLANG_CXX_LIBRARY = "libc++";
				CLANG_ENABLE_MODULES = YES;
				CLANG_ENABLE_OBJC_ARC = YES;
				CLANG_ENABLE_OBJC_WEAK = YES;
				CLANG_WARN_BLOCK_CAPTURE_AUTORELEASING = YES;
				CLANG_WARN_BOOL_CONVERSION = YES;
				CLANG_WARN_COMMA = YES;
				CLANG_WARN_CONSTANT_CONVERSION = YES;
				CLANG_WARN_DEPRECATED_OBJC_IMPLEMENTATIONS = YES;
				CLANG_WARN_DIRECT_OBJC_ISA_USAGE = YES_ERROR;
				CLANG_WARN_DOCUMENTATION_COMMENTS = YES;
				CLANG_WARN_EMPTY_BODY = YES;
				CLANG_WARN_ENUM_CONVERSION = YES;
				CLANG_WARN_INFINITE_RECURSION = YES;
				CLANG_WARN_INT_CONVERSION = YES;
				CLANG_WARN_NON_LITERAL_NULL_CONVERSION = YES;
				CLANG_WARN_OBJC_IMPLICIT_RETAIN_SELF = YES;
				CLANG_WARN_OBJC_LITERAL_CONVERSION = YES;
				CLANG_WARN_OBJC_ROOT_CLASS = YES_ERROR;
				CLANG_WARN_RANGE_LOOP_ANALYSIS = YES;
				CLANG_WARN_STRICT_PROTOTYPES = YES;
				CLANG_WARN_SUSPICIOUS_MOVE = YES;
				CLANG_WARN_UNGUARDED_AVAILABILITY = YES_AGGRESSIVE;
				CLANG_WARN_UNREACHABLE_CODE = YES;
				CLANG_WARN__DUPLICATE_METHOD_MATCH = YES;
				CODE_SIGN_IDENTITY = "iPhone Developer";
				COPY_PHASE_STRIP = NO;
				DEBUG_INFORMATION_FORMAT = "dwarf-with-dsym";
				ENABLE_NS_ASSERTIONS = NO;
				ENABLE_STRICT_OBJC_MSGSEND = YES;
				GCC_C_LANGUAGE_STANDARD = gnu11;
				GCC_NO_COMMON_BLOCKS = YES;
				GCC_WARN_64_TO_32_BIT_CONVERSION = YES;
				GCC_WARN_ABOUT_RETURN_TYPE = YES_ERROR;
				GCC_WARN_UNDECLARED_SELECTOR = YES;
				GCC_WARN_UNINITIALIZED_AUTOS = YES_AGGRESSIVE;
				GCC_WARN_UNUSED_FUNCTION = YES;
				GCC_WARN_UNUSED_VARIABLE = YES;
				IPHONEOS_DEPLOYMENT_TARGET = 12.2;
				MTL_ENABLE_DEBUG_INFO = NO;
				MTL_FAST_MATH = YES;
				SDKROOT = iphoneos;
				SWIFT_COMPILATION_MODE = wholemodule;
				SWIFT_OPTIMIZATION_LEVEL = "-O";
				VALIDATE_PRODUCT = YES;
			};
			name = Release;
		};
		54A67D10225A254300801DF8 /* Debug */ = {
			isa = XCBuildConfiguration;
			buildSettings = {
				ASSETCATALOG_COMPILER_APPICON_NAME = AppIcon;
				CODE_SIGN_STYLE = Automatic;
				DEVELOPMENT_TEAM = 6N277JA649;
				INFOPLIST_FILE = Test/Info.plist;
				LD_RUNPATH_SEARCH_PATHS = (
					"$(inherited)",
					"@executable_path/Frameworks",
				);
				PRODUCT_BUNDLE_IDENTIFIER = de.oklemenz.Test;
				PRODUCT_NAME = "$(TARGET_NAME)";
				SWIFT_VERSION = 5.0;
				TARGETED_DEVICE_FAMILY = "1,2";
			};
			name = Debug;
		};
		54A67D11225A254300801DF8 /* Release */ = {
			isa = XCBuildConfiguration;
			buildSettings = {
				ASSETCATALOG_COMPILER_APPICON_NAME = AppIcon;
				CODE_SIGN_STYLE = Automatic;
				DEVELOPMENT_TEAM = 6N277JA649;
				INFOPLIST_FILE = Test/Info.plist;
				LD_RUNPATH_SEARCH_PATHS = (
					"$(inherited)",
					"@executable_path/Frameworks",
				);
				PRODUCT_BUNDLE_IDENTIFIER = de.oklemenz.Test;
				PRODUCT_NAME = "$(TARGET_NAME)";
				SWIFT_VERSION = 5.0;
				TARGETED_DEVICE_FAMILY = "1,2";
			};
			name = Release;
		};
/* End XCBuildConfiguration section */

/* Begin XCConfigurationList section */
		54A67CF8225A254100801DF8 /* Build configuration list for PBXProject "Test" */ = {
			isa = XCConfigurationList;
			buildConfigurations = (
				54A67D0D225A254300801DF8 /* Debug */,
				54A67D0E225A254300801DF8 /* Release */,
			);
			defaultConfigurationIsVisible = 0;
			defaultConfigurationName = Release;
		};
		54A67D0F225A254300801DF8 /* Build configuration list for PBXNativeTarget "Test" */ = {
			isa = XCConfigurationList;
			buildConfigurations = (
				54A67D10225A254300801DF8 /* Debug */,
				54A67D11225A254300801DF8 /* Release */,
			);
			defaultConfigurationIsVisible = 0;
			defaultConfigurationName = Release;
		};
/* End XCConfigurationList section */
	};
	rootObject = 54A67CF5225A254100801DF8 /* Project object */;
}
